
Microsoft Visual Studio Solution File, Format Version 12.00
# Visual Studio Version 17
VisualStudioVersion = 17.3.32922.545
MinimumVisualStudioVersion = 10.0.40219.1
Project("{9A19103F-16F7-4668-BE54-9A1E7A4F7556}") = "Vacation-Manager", "Vacation-Manager\Vacation-Manager.csproj", "{BA7816D8-E6EC-4407-81B4-AC61D6B7B375}"
EndProject
Project("{FAE04EC0-301F-11D3-BF4B-00C04F79EFBC}") = "VacationManager MVC", "VacationManager MVC\VacationManager MVC.csproj", "{8A76D7B5-CF07-4FF8-8170-0D6F3378A59F}"
EndProject
Global
	GlobalSection(SolutionConfigurationPlatforms) = preSolution
		Debug|Any CPU = Debug|Any CPU
		Release|Any CPU = Release|Any CPU
	EndGlobalSection
	GlobalSection(ProjectConfigurationPlatforms) = postSolution
		{BA7816D8-E6EC-4407-81B4-AC61D6B7B375}.Debug|Any CPU.ActiveCfg = Debug|Any CPU
		{BA7816D8-E6EC-4407-81B4-AC61D6B7B375}.Debug|Any CPU.Build.0 = Debug|Any CPU
		{BA7816D8-E6EC-4407-81B4-AC61D6B7B375}.Release|Any CPU.ActiveCfg = Release|Any CPU
		{BA7816D8-E6EC-4407-81B4-AC61D6B7B375}.Release|Any CPU.Build.0 = Release|Any CPU
		{8A76D7B5-CF07-4FF8-8170-0D6F3378A59F}.Debug|Any CPU.ActiveCfg = Debug|Any CPU
		{8A76D7B5-CF07-4FF8-8170-0D6F3378A59F}.Debug|Any CPU.Build.0 = Debug|Any CPU
		{8A76D7B5-CF07-4FF8-8170-0D6F3378A59F}.Release|Any CPU.ActiveCfg = Release|Any CPU
		{8A76D7B5-CF07-4FF8-8170-0D6F3378A59F}.Release|Any CPU.Build.0 = Release|Any CPU
	EndGlobalSection
	GlobalSection(SolutionProperties) = preSolution
		HideSolutionNode = FALSE
	EndGlobalSection
	GlobalSection(ExtensibilityGlobals) = postSolution
		SolutionGuid = {8FF597FC-0266-41C3-8A35-452B43263C73}
	EndGlobalSection
EndGlobal
